
Microsoft Visual Studio Solution File, Format Version 12.00
# Visual Studio Version 17
VisualStudioVersion = 17.8.34309.116
MinimumVisualStudioVersion = 10.0.40219.1
Project("{FAE04EC0-301F-11D3-BF4B-00C04F79EFBC}") = "ToDoListApp", "ToDoListApp\ToDoListApp.csproj", "{8DC7AF76-EB99-4FC2-B08B-C253A292D225}"
EndProject
Global
	GlobalSection(SolutionConfigurationPlatforms) = preSolution
		Debug|Any CPU = Debug|Any CPU
		Release|Any CPU = Release|Any CPU
	EndGlobalSection
	GlobalSection(ProjectConfigurationPlatforms) = postSolution
		{8DC7AF76-EB99-4FC2-B08B-C253A292D225}.Debug|Any CPU.ActiveCfg = Debug|Any CPU
		{8DC7AF76-EB99-4FC2-B08B-C253A292D225}.Debug|Any CPU.Build.0 = Debug|Any CPU
		{8DC7AF76-EB99-4FC2-B08B-C253A292D225}.Release|Any CPU.ActiveCfg = Release|Any CPU
		{8DC7AF76-EB99-4FC2-B08B-C253A292D225}.Release|Any CPU.Build.0 = Release|Any CPU
	EndGlobalSection
	GlobalSection(SolutionProperties) = preSolution
		HideSolutionNode = FALSE
	EndGlobalSection
	GlobalSection(ExtensibilityGlobals) = postSolution
		SolutionGuid = {1CF4AA82-4857-4ED6-A286-5F4C97525552}
	EndGlobalSection
EndGlobal
